
Microsoft Visual Studio Solution File, Format Version 12.00
# Visual Studio Version 17
VisualStudioVersion = 17.9.34728.123
MinimumVisualStudioVersion = 10.0.40219.1
Project("{FAE04EC0-301F-11D3-BF4B-00C04F79EFBC}") = "SystemProcesses", "SystemProcesses\SystemProcesses.csproj", "{AB5EC6BE-3D2D-49E5-9FCC-FB53FC30FCBE}"
EndProject
Global
	GlobalSection(SolutionConfigurationPlatforms) = preSolution
		Debug|Any CPU = Debug|Any CPU
		Release|Any CPU = Release|Any CPU
	EndGlobalSection
	GlobalSection(ProjectConfigurationPlatforms) = postSolution
		{AB5EC6BE-3D2D-49E5-9FCC-FB53FC30FCBE}.Debug|Any CPU.ActiveCfg = Debug|Any CPU
		{AB5EC6BE-3D2D-49E5-9FCC-FB53FC30FCBE}.Debug|Any CPU.Build.0 = Debug|Any CPU
		{AB5EC6BE-3D2D-49E5-9FCC-FB53FC30FCBE}.Release|Any CPU.ActiveCfg = Release|Any CPU
		{AB5EC6BE-3D2D-49E5-9FCC-FB53FC30FCBE}.Release|Any CPU.Build.0 = Release|Any CPU
	EndGlobalSection
	GlobalSection(SolutionProperties) = preSolution
		HideSolutionNode = FALSE
	EndGlobalSection
	GlobalSection(ExtensibilityGlobals) = postSolution
		SolutionGuid = {850ADBEA-677F-4FB4-993F-3119B3C6EB15}
	EndGlobalSection
EndGlobal
